version = 1
revision = 3
requires-python = ">=3.13"

[[package]]
name = "jetpytools"
version = "3.1.1"
source = { registry = "https://pypi.org/simple" }
sdist = { url = "https://files.pythonhosted.org/packages/7f/99/99279c429c0bfe13e109ffb9a622ee297cc27af444b0166da6bc6b0b572c/jetpytools-3.1.1.tar.gz", hash = "sha256:2eec2d4dd3959b3a0da8c2c438e84953b5659610107448ed9b4f4708174c7502", size = 28437, upload-time = "2026-08-09T16:04:07.832Z" }
wheels = [
    { url = "https://files.pythonhosted.org/packages/3b/cc/5102ebec55a77d9a0dc5f5269730a52b9999e6fca50124d6ea119a1e05c4/jetpytools-3.1.1-py3-none-any.whl", hash = "sha256:dd3fb4ed7e4710ece9e36948414beee9ae8c61bbbbb22c71712ea44029e2022d", size = 32845, upload-time = "2026-08-09T16:04:06.615Z" },
]

[[package]]
name = "markdown-it-py"
version = "4.2.0"
source = { registry = "https://pypi.org/simple" }
dependencies = [
    { name = "mdurl" },
]
sdist = { url = "https://files.pythonhosted.org/packages/06/ff/7841249c247aa650a76b9ee4bbaeae59370dc8bfd2f6c01f3630c35eb134/markdown_it_py-4.2.0.tar.gz", hash = "sha256:04a21681d6fbb623de53f6f364d352309d4094dd4194040a10fd51833e418d49", size = 82454, upload-time = "2026-05-07T12:08:28.36Z" }
wheels = [
    { url = "https://files.pythonhosted.org/packages/b3/81/4da04ced5a082363ecfa159c010d200ecbd959ae410c10c0264a38cac0f5/markdown_it_py-4.2.0-py3-none-any.whl", hash = "sha256:9f7ebbcd14fe59494226453aed97c1070d83f8d24b6fc3a3bcf9a38092641c4a", size = 91687, upload-time = "2026-05-07T12:08:27.182Z" },
]

[[package]]
name = "mdurl"
version = "0.1.2"
source = { registry = "https://pypi.org/simple" }
sdist = { url = "https://files.pythonhosted.org/packages/d6/54/cfe61301667036ec958cb99bd3efefba235e65cdeb9c84d24a8293ba1d90/mdurl-0.1.2.tar.gz", hash = "sha256:bb413d29f5eea38f31dd4754dd7377d4465116fb207585f97bf925588687c1ba", size = 8729, upload-time = "2022-08-14T12:40:10.846Z" }
wheels = [
    { url = "https://files.pythonhosted.org/packages/b3/38/89ba8ad64ae25be8de66a6d463314cf1eb366222074cfda9ee839c56a4b4/mdurl-0.1.2-py3-none-any.whl", hash = "sha256:84008a41e51615a49fc9966191ff91509e3c40b939176e643fd50a5c2196b8f8", size = 9979, upload-time = "2022-08-14T12:40:09.779Z" },
]

[[package]]
name = "numpy"
version = "2.5.3"
source = { registry = "https://pypi.org/simple" }
sdist = { url = "https://files.pythonhosted.org/packages/13/01/11703282db468b85f6f7b8c7f22d058de5970d5c7e60a3a8aaa313c3de36/numpy-2.5.3.tar.gz", hash = "sha256:df2d5874ff183595a4ba404edd04f6bd9b5505c1d7708573f6a6c17489a67563", size = 20791231, upload-time = "2026-09-06T16:27:47.073Z" }
wheels = [
    { url = "https://files.pythonhosted.org/packages/79/e5/8fb89cd46d14e35699d13bf943a5f5f441ecee8667120a1f6105ab89e349/numpy-2.5.3-cp313-cp313-macosx_10_13_x86_64.whl", hash = "sha256:66a78fe4556c60aceda5916f9eacd638b18e9e681016ec302dcb4682d6d4d034", size = 16991061, upload-time = "2026-09-06T16:25:00.411Z" },
    { url = "https://files.pythonhosted.org/packages/2f/06/9dc9e48b5e5e941c8b10350c5ff2d721da42a20517d911d15544246775ff/numpy-2.5.3-cp313-cp313-macosx_11_0_arm64.whl", hash = "sha256:92f30e89b8ee0ecf363033576c422b2f58fed6a80bed0aa48dff6d14c654663e", size = 12003676, upload-time = "2026-09-06T16:25:03.475Z" },
    { url = "https://files.pythonhosted.org/packages/ab/2a/98282aa5b8f58b1157d440bb6282eed47e3632a5de53a714fbab17e659fe/numpy-2.5.3-cp313-cp313-macosx_14_0_arm64.whl", hash = "sha256:f9a2353b37a1a9e78fd82b27ad7e2a32a2d036604d18f02b05e3136c62ca3b09", size = 5439695, upload-time = "2026-09-06T16:25:05.978Z" },
    { url = "https://files.pythonhosted.org/packages/a1/f9/b6533d777be9d6ffd29dc1be0867e563e6e8cc9a220ff1b716adc317f060/numpy-2.5.3-cp313-cp313-macosx_14_0_x86_64.whl", hash = "sha256:ccbc4665079665c3cf3bab4db9f6b095370cd6437d66be549b6c2a1fd19e1958", size = 6779395, upload-time = "2026-09-06T16:25:08.599Z" },
    { url = "https://files.pythonhosted.org/packages/73/85/735720d04ec197c5dcfacdfc9922667c7f1f5f496a279b7ba4d7c74c4cc7/numpy-2.5.3-cp313-cp313-manylinux_2_27_aarch64.manylinux_2_28_aarch64.whl", hash = "sha256:c76d5dde9f445058f83d0c02af00557a4db91de9a9a57c0df87d1535001d654b", size = 15681750, upload-time = "2026-09-06T16:25:11.173Z" },
    { url = "https://files.pythonhosted.org/packages/3a/1b/3b16a9bc514a440a7a0883684111dcb1ef1aee960af2ca95da8fc775f124/numpy-2.5.3-cp313-cp313-manylinux_2_27_x86_64.manylinux_2_28_x86_64.whl", hash = "sha256:a5fa86b80fd24bcd1aff83ad23be44ea323de3f787be8f8b15d4a65621e25321", size = 16708577, upload-time = "2026-09-06T16:25:14.171Z" },
    { url = "https://files.pythonhosted.org/packages/69/c4/386f397831b07328b639c96c5b62719346cf4baf07c68d927239752b1534/numpy-2.5.3-cp313-cp313-musllinux_1_2_aarch64.whl", hash = "sha256:bd4cb9ad3c7889b9b3fe0a9a9fb5d2ed26f9879bff2608d9f01aed147a20d231", size = 17042047, upload-time = "2026-09-06T16:25:17.582Z" },
    { url = "https://files.pythonhosted.org/packages/5f/3e/a700ecbf36e85ae8328fd3b0e12eeddc22ed6358a64cb2bd913e0d195d65/numpy-2.5.3-cp313-cp313-musllinux_1_2_x86_64.whl", hash = "sha256:1302b90c0e52281681b2975adfe8a860cb7b12216a27b4b0b4207c44bf7bccf0", size = 18465724, upload-time = "2026-09-06T16:25:20.949Z" },
    { url = "https://files.pythonhosted.org/packages/41/ee/38e785e88a4045f6ad1d1f2808dcdfafdca48c760260c0587bf171e29fc9/numpy-2.5.3-cp313-cp313-win32.whl", hash = "sha256:1c80eabb4035ecf4ca9cd49cde8a9fdd69a729e63e6474887d1523ade7aa277f", size = 6129003, upload-time = "2026-09-06T16:25:23.664Z" },
    { url = "https://files.pythonhosted.org/packages/f3/ec/100f2b1794ede74a9b3d7ec6b9736927f56713414c1dfe19ab6c383494bf/numpy-2.5.3-cp313-cp313-win_amd64.whl", hash = "sha256:71cad2b2a7451ab79d8f5e71b453485b6775963d5cf794179144a7463fe6e8ec", size = 12560965, upload-time = "2026-09-06T16:25:26.602Z" },
    { url = "https://files.pythonhosted.org/packages/80/b1/7dc825ca94c12acebbce4c37caa5e198695eb31424bc579679f32b1bb49d/numpy-2.5.3-cp313-cp313-win_arm64.whl", hash = "sha256:8e4dd766076855b5ff7ea52fa5f07ce26286726e0f8bff446b7739d02e6ea204", size = 10482343, upload-time = "2026-09-06T16:25:29.772Z" },
    { url = "https://files.pythonhosted.org/packages/70/78/cf416f15dc29375a229d9dfebf8db6e313f291580b39fa1a568b6052bb07/numpy-2.5.3-cp314-cp314-macosx_10_15_x86_64.whl", hash = "sha256:350ba9783ce969cf9f7ce6e6a9a58e1a6e2a19ca025b7ee448c4db727706212a", size = 16998686, upload-time = "2026-09-06T16:25:33.171Z" },
    { url = "https://files.pythonhosted.org/packages/9e/59/abcc2d8def4fd60eec7d87f92d27c13448ffd9ab14339bcc63a0d7a2fdea/numpy-2.5.3-cp314-cp314-macosx_11_0_arm64.whl", hash = "sha256:012e66aca395d795496446e52aeeb5866312a5d4d3f27da270e5a0b43f70dc5c", size = 12013862, upload-time = "2026-09-06T16:25:36.748Z" },
    { url = "https://files.pythonhosted.org/packages/94/75/4640d2d6e4b64a049e48425a82728a41ef4adb61332d2cba68055774878b/numpy-2.5.3-cp314-cp314-macosx_14_0_arm64.whl", hash = "sha256:adc1ada2662f8a5f960b8a10d9986897e7499ef07e06d4cfe7197f8cce923c07", size = 5449793, upload-time = "2026-09-06T16:25:39.476Z" },
    { url = "https://files.pythonhosted.org/packages/96/cd/625b57ae33d4ca560f32cc0b47b4a5922146d9beb998ddf773900d440a73/numpy-2.5.3-cp314-cp314-macosx_14_0_x86_64.whl", hash = "sha256:54a115e5a73b8fc44f0cebef486365a1894b5c9760685d4558b72b7c3eb846e0", size = 6785176, upload-time = "2026-09-06T16:25:42.069Z" },
    { url = "https://files.pythonhosted.org/packages/9c/72/12918652e7912ef9751e8694c88820fcd1908e0618cb23f5f3caa6004b7b/numpy-2.5.3-cp314-cp314-manylinux_2_27_aarch64.manylinux_2_28_aarch64.whl", hash = "sha256:be5a8381859b6da607c84f4f7d6847725f1cf1853ef8a2c9e115b7d58bef47dc", size = 15703377, upload-time = "2026-09-06T16:25:45.135Z" },
    { url = "https://files.pythonhosted.org/packages/45/8f/9beacf79ca7c650688ad0baa80931adb988fe6e6e5d5903c23cc3dbd70eb/numpy-2.5.3-cp314-cp314-manylinux_2_27_x86_64.manylinux_2_28_x86_64.whl", hash = "sha256:b0521d0f4aebb6e06189451025fa17a913287b13c03d5fe05c017333b654ea5b", size = 16711928, upload-time = "2026-09-06T16:25:48.461Z" },
    { url = "https://files.pythonhosted.org/packages/09/8d/41d0a56e1ac4c87495c897a211b1368691b7237aadabec8b3b8f3a74d48f/numpy-2.5.3-cp314-cp314-musllinux_1_2_aarch64.whl", hash = "sha256:9deb49575e5b0b94ed72c8a64ec4d033381adc27e9060ae842971f697ba96104", size = 17059507, upload-time = "2026-09-06T16:25:51.873Z" },
    { url = "https://files.pythonhosted.org/packages/08/1e/0dfbc5cc251d54e2af790f254d24ec38637fa97ec7d5d11de7ffed787098/numpy-2.5.3-cp314-cp314-musllinux_1_2_x86_64.whl", hash = "sha256:b00eefbcf0f292945c4b4dec2ae845389ef5bcdcd596e6e4328051db5b5ba694", size = 18471002, upload-time = "2026-09-06T16:25:55.233Z" },
    { url = "https://files.pythonhosted.org/packages/b5/2c/dfa40f6991f8185c8c30ffd023dfcbb11888e823cfab9557b920f3bb7bed/numpy-2.5.3-cp314-cp314-win32.whl", hash = "sha256:c2381f82999704f818e2c987a865050e285ec3621262c66d40f5a96c8f899f8e", size = 6180485, upload-time = "2026-09-06T16:25:58.157Z" },
    { url = "https://files.pythonhosted.org/packages/a4/73/d2c08231e4fde7e415501fd02c715d96e98599b2d8384445933944152984/numpy-2.5.3-cp314-cp314-win_amd64.whl", hash = "sha256:2c25dfa72943e4336ddb6b0ee4277b47a0c85bede0807530ec68103bf58e2c10", size = 12698179, upload-time = "2026-09-06T16:26:00.789Z" },
    { url = "https://files.pythonhosted.org/packages/5c/e9/dcdcc9b95cf5f49815055573aee1b11cfbf5299f38a180e437ded050810f/numpy-2.5.3-cp314-cp314-win_arm64.whl", hash = "sha256:15aa985ac73a8db02db7663381aa109510449d3819d37206caed27b33a65a8a6", size = 10769383, upload-time = "2026-09-06T16:26:04.011Z" },
    { url = "https://files.pythonhosted.org/packages/49/c4/af8bc08a7ef4e1529a7c0cf24969accce316b783999802089a581ec99272/numpy-2.5.3-cp314-cp314t-macosx_11_0_arm64.whl", hash = "sha256:ac7bb1c52d445bd4f8f7f97fefe6abc3a084dc4d63df50d79b17fa2b78e89297", size = 12132668, upload-time = "2026-09-06T16:26:07.138Z" },
    { url = "https://files.pythonhosted.org/packages/c5/ae/0f15eb56d4ec5e13c1f7ff04ff407f997d1acbadb45d3e1f2e2645a8f43c/numpy-2.5.3-cp314-cp314t-macosx_14_0_arm64.whl", hash = "sha256:e6ab667ba76450084eb64013762c438ea76d9d29cc676dcd6c2e9892ba37f841", size = 5568580, upload-time = "2026-09-06T16:26:09.828Z" },
    { url = "https://files.pythonhosted.org/packages/23/fb/c72a8f25d4b6e96c354e7ab45ace3b27dc11e5d6a13b6c7d0cd6b08bf112/numpy-2.5.3-cp314-cp314t-macosx_14_0_x86_64.whl", hash = "sha256:f7fabeb6cea87d65f3b926de33d03fb016cfdc29314c90974383b5582ae72891", size = 6882634, upload-time = "2026-09-06T16:26:12.524Z" },
    { url = "https://files.pythonhosted.org/packages/07/a9/968c90ed2ab15060c338e8137f1215b5a60756ae07328e0a60d1c6734df4/numpy-2.5.3-cp314-cp314t-manylinux_2_27_aarch64.manylinux_2_28_aarch64.whl", hash = "sha256:1fb6f8fb9ff0b3a69f52c66ce397b0246583e9f28616231b0e32ca49259a5fa6", size = 15748923, upload-time = "2026-09-06T16:26:15.092Z" },
    { url = "https://files.pythonhosted.org/packages/59/08/9df04103947b95e3b6b1f2ed1a70521f325647a31b82da6a2aae3a485508/numpy-2.5.3-cp314-cp314t-manylinux_2_27_x86_64.manylinux_2_28_x86_64.whl", hash = "sha256:93e1f5447e2b1e479d7bd74701e84746b86450cff1fc368b132d195e2b8f8211", size = 16746748, upload-time = "2026-09-06T16:26:18.43Z" },
    { url = "https://files.pythonhosted.org/packages/41/a0/14c8d5fe5b53a334aabb653deb391c0fef49558f491880ea300ed6785224/numpy-2.5.3-cp314-cp314t-musllinux_1_2_aarch64.whl", hash = "sha256:c00abe94c1a69d75d827dcf1c025b25c8a45d230b3bcd77a9020883a1b047653", size = 17111561, upload-time = "2026-09-06T16:26:22.113Z" },
    { url = "https://files.pythonhosted.org/packages/c4/a6/d7e96e42f01522e154c32489640f16dfc4f6181d165d05fc3bec8c2c4999/numpy-2.5.3-cp314-cp314t-musllinux_1_2_x86_64.whl", hash = "sha256:536f963710a4e63934d80ac0dc4f478804a83e9a84b6828018f25d09953ada33", size = 18513945, upload-time = "2026-09-06T16:26:25.401Z" },
    { url = "https://files.pythonhosted.org/packages/25/39/3453afb7119d0449ef11c886874120ff180e2c337760e0e2d88f70f1a945/numpy-2.5.3-cp314-cp314t-win32.whl", hash = "sha256:4c8a6d2ebce6305fd82fbefca827775437147052a976ee7c94b36a0c1b52ac6c", size = 6335421, upload-time = "2026-09-06T16:26:28.175Z" },
    { url = "https://files.pythonhosted.org/packages/99/01/22815d2b19a1a746b1d45205cffebb3fe511a18acb75fba6c88491fc9894/numpy-2.5.3-cp314-cp314t-win_amd64.whl", hash = "sha256:9a37475425b431b4d060f23b4f52cd2f3aef6bc7c654bd760adf0040eec9d435", size = 12896420, upload-time = "2026-09-06T16:26:31.265Z" },
    { url = "https://files.pythonhosted.org/packages/fa/ee/a7cbba67eeaff038dc29ca8b98a88396c8b0cc9c89d4924f4a27a5c9150b/numpy-2.5.3-cp314-cp314t-win_arm64.whl", hash = "sha256:2d8240cb4c16fd831074aa2b2cf9fc54664d826341d61c372245b96a74a49a9a", size = 10857177, upload-time = "2026-09-06T16:26:34.167Z" },
    { url = "https://files.pythonhosted.org/packages/45/56/78194492883ff5eec90423fe56a3a44b154da047d88a6307f629713c584f/numpy-2.5.3-cp315-cp315-macosx_10_15_x86_64.whl", hash = "sha256:a6391fafaba97500887132cd582abc6e19452b1ac775a47caa7b24490e152058", size = 16996531, upload-time = "2026-09-06T16:26:37.287Z" },
    { url = "https://files.pythonhosted.org/packages/11/39/dd55c0af90bbab564b09ae3b0aa60ec5c02b900fa4f1ba23440525c8b32d/numpy-2.5.3-cp315-cp315-macosx_11_0_arm64.whl", hash = "sha256:09d5a423c71ad5feb5625844ad58050e35df43871004b52ac9c0ad44a56775be", size = 12012569, upload-time = "2026-09-06T16:26:40.707Z" },
    { url = "https://files.pythonhosted.org/packages/b6/51/04f67d32e4862b281b1cb84ceeaed3421189a84fb6fb51a391cd6d5009f7/numpy-2.5.3-cp315-cp315-macosx_14_0_arm64.whl", hash = "sha256:f9579f383d1bf9df80081e72760e84960a7fd4f88cf0c9e535a8597c9bb646f5", size = 5448498, upload-time = "2026-09-06T16:26:43.435Z" },
    { url = "https://files.pythonhosted.org/packages/a3/c9/25b4dc0dd1344ec26c7319e84fd4e9809d2b5628f4e12decd618036e5178/numpy-2.5.3-cp315-cp315-macosx_14_0_x86_64.whl", hash = "sha256:86bff898a431c0fb71f7610b75726e75a54d47b37edc9d537f48de63bb3c0b90", size = 6783026, upload-time = "2026-09-06T16:26:46.374Z" },
    { url = "https://files.pythonhosted.org/packages/fc/c7/29285be1e5232a6e7ee3268a33c85843f5a8ee93350c6465cddd66ebbf76/numpy-2.5.3-cp315-cp315-manylinux_2_27_aarch64.manylinux_2_28_aarch64.whl", hash = "sha256:1f3ed25271581281f2fccb1adcedfcde4c07362eec69189b50baf6f90e3ae159", size = 15697322, upload-time = "2026-09-06T16:26:49.415Z" },
    { url = "https://files.pythonhosted.org/packages/55/49/bbad5335fb4996a16881f853ff3e0ba582f01720e55c89b1c06b8fc42a90/numpy-2.5.3-cp315-cp315-manylinux_2_27_x86_64.manylinux_2_28_x86_64.whl", hash = "sha256:ffdc76bfcae6b255dff75202c5e7feaf95b40246bc0a17944facc1fecf9f79ab", size = 16708995, upload-time = "2026-09-06T16:26:53.127Z" },
    { url = "https://files.pythonhosted.org/packages/ef/e9/1df35483760b04a65ea44669f89dc64f30e5aca098b48ceb8b1310b0e0fe/numpy-2.5.3-cp315-cp315-musllinux_1_2_aarch64.whl", hash = "sha256:116f96cadd935c6122e9228d676fe7ede19e741f5c8bb1c3cddbe0c51ccebea2", size = 17052508, upload-time = "2026-09-06T16:26:56.464Z" },
    { url = "https://files.pythonhosted.org/packages/b8/99/66e54da8265cc8be8a7382bf96edce17aaa2837d6f484432025932a3caa5/numpy-2.5.3-cp315-cp315-musllinux_1_2_x86_64.whl", hash = "sha256:09ffa5d903faeaa5c4dd05009cf81c8bab9f2cb37c548b8d39b65b4cfa7c97f7", size = 18468224, upload-time = "2026-09-06T16:26:59.966Z" },
    { url = "https://files.pythonhosted.org/packages/01/bc/b5e90a91c115168d793dfd2ad9c69c438c2fe7a13a437e770bc5b078e732/numpy-2.5.3-cp315-cp315-win32.whl", hash = "sha256:e01c918ac3d48e18a927cf7b14a26a3e29ff2bdf2eacb976da0aecd6a43ed034", size = 6179919, upload-time = "2026-09-06T16:27:03.166Z" },
    { url = "https://files.pythonhosted.org/packages/37/ea/780748fd3985109075514ef8fc64cd25f943e40dde13a6d59141eb268fc8/numpy-2.5.3-cp315-cp315-win_amd64.whl", hash = "sha256:e931e4f499e0dc7ef29d269a8e5b35dd722e5d14be07df6240166ea7c6532fae", size = 12697656, upload-time = "2026-09-06T16:27:06.153Z" },
    { url = "https://files.pythonhosted.org/packages/b3/16/407be69a2a87c8cab64d95975a8977a426a29e138f07e276ec258f0fe4e5/numpy-2.5.3-cp315-cp315-win_arm64.whl", hash = "sha256:26e15e4aecd8617dfbaecb37d223e365d7b39411fba20454be2670a96aa74cb5", size = 10767601, upload-time = "2026-09-06T16:27:09.297Z" },
    { url = "https://files.pythonhosted.org/packages/44/bf/a97ffb01e41d50a32a9177aef942a4d0e389a3daf451d04e5f38ef6afb87/numpy-2.5.3-cp315-cp315t-macosx_10_15_x86_64.whl", hash = "sha256:6cef4bb1706dfec49243c05d921eefb4e190d41e2528b30d8035ea1f36b4c24a", size = 17090092, upload-time = "2026-09-06T16:27:12.907Z" },
    { url = "https://files.pythonhosted.org/packages/d1/24/136c02f2c2af9a067a84d0c3aa10c99012c0476fa5066732fa4a4202557d/numpy-2.5.3-cp315-cp315t-macosx_11_0_arm64.whl", hash = "sha256:d1c89973648c85069c5046ad460f7b8a00218b29a2e42359ac8cc63e9ab94832", size = 12129429, upload-time = "2026-09-06T16:27:16.089Z" },
    { url = "https://files.pythonhosted.org/packages/fe/6c/b47582d6597789bf946d5efbeb6b9e56fd8bcbd5efc6fbf51dbe1ea31eb3/numpy-2.5.3-cp315-cp315t-macosx_14_0_arm64.whl", hash = "sha256:214045a5bf00113a146ab9ee9730c44501af6723cdf1f6830932f7b5ef2e7af0", size = 5565452, upload-time = "2026-09-06T16:27:19.868Z" },
    { url = "https://files.pythonhosted.org/packages/be/b4/ef3cc6da73774202d4deae16bb321fd8298a4e0561e3539f8c4be237d916/numpy-2.5.3-cp315-cp315t-macosx_14_0_x86_64.whl", hash = "sha256:8617bbfae4486cf99c9f899966699428d19da931d06ca94ad3da986c76e15997", size = 6876736, upload-time = "2026-09-06T16:27:22.232Z" },
    { url = "https://files.pythonhosted.org/packages/9e/24/e3813329498596cb842703dcacac1741612ed9fb9c4e6a3e0c7e2ebbc597/numpy-2.5.3-cp315-cp315t-manylinux_2_27_aarch64.manylinux_2_28_aarch64.whl", hash = "sha256:595d020938c84e320bcf40ad71089e108eac0d377cd018e14a8c094f39e98d85", size = 15745777, upload-time = "2026-09-06T16:27:25.181Z" },
    { url = "https://files.pythonhosted.org/packages/4a/9e/4e7a07fd0776dc2210cdacf2010be8665194d094defc10c419d7dea794cc/numpy-2.5.3-cp315-cp315t-manylinux_2_27_x86_64.manylinux_2_28_x86_64.whl", hash = "sha256:6f24021b9f22bc6301c37b196974a92c1c18dccedb6fef3dd252e95f2d6adbe4", size = 16746949, upload-time = "2026-09-06T16:27:28.576Z" },
    { url = "https://files.pythonhosted.org/packages/91/db/01674c0e20335057813a00c2ebd546ed25bff9ed7914f9bced00f8c55d94/numpy-2.5.3-cp315-cp315t-musllinux_1_2_aarch64.whl", hash = "sha256:71b39d9f935b6ec0f8753e3e2afb51e3efba6f2e05b68b32a40754d24bcd4a3c", size = 17108994, upload-time = "2026-09-06T16:27:31.946Z" },
    { url = "https://files.pythonhosted.org/packages/45/7a/584c5e71f8d378e57cac0b033891ed65c683ef90573ba4854e8c28203db0/numpy-2.5.3-cp315-cp315t-musllinux_1_2_x86_64.whl", hash = "sha256:6b05c171afb3aa07adbd20abc00aea86fe375beb0fdb9ef780ec5b7f63bab1c0", size = 18512266, upload-time = "2026-09-06T16:27:35.196Z" },
    { url = "https://files.pythonhosted.org/packages/a1/d2/4e1014173aa3c55e6a756e0e567290743a6ab33a288460374d7ef6bcd239/numpy-2.5.3-cp315-cp315t-win32.whl", hash = "sha256:f54660b0eb6b0b9f36e7fe1cdfdff472028dd0d14acd9b9b65098efbad059469", size = 6330292, upload-time = "2026-09-06T16:27:38.149Z" },
    { url = "https://files.pythonhosted.org/packages/6c/b0/ff5658a58199b7bcaad87bf260eef6713d9d42cca4e028f935b4fc5fbac6/numpy-2.5.3-cp315-cp315t-win_amd64.whl", hash = "sha256:1aad64d99730d013cfc6debafed22783b4fc5a7f4b8bc744d2d8cf7dcc880551", size = 12884918, upload-time = "2026-09-06T16:27:40.965Z" },
    { url = "https://files.pythonhosted.org/packages/fb/0b/b12a2df5d1b774bd9007a6fdff9381145b6223d37f11afc9c37ab0efd9a1/numpy-2.5.3-cp315-cp315t-win_arm64.whl", hash = "sha256:befa1ae5bd6030b3f512b43ff3fa5290bbed6b84411a44244b14adf835f5b89d", size = 10850807, upload-time = "2026-09-06T16:27:43.868Z" },
]

[[package]]
name = "psutil"
version = "7.2.2"
source = { registry = "https://pypi.org/simple" }
sdist = { url = "https://files.pythonhosted.org/packages/aa/c6/d1ddf4abb55e93cebc4f2ed8b5d6dbad109ecb8d63748dd2b20ab5e57ebe/psutil-7.2.2.tar.gz", hash = "sha256:0746f5f8d406af344fd547f1c8daa5f5c33dbc293bb8d6a16d80b4bb88f59372", size = 493740, upload-time = "2026-01-28T18:14:54.428Z" }
wheels = [
    { url = "https://files.pythonhosted.org/packages/51/08/510cbdb69c25a96f4ae523f733cdc963ae654904e8db864c07585ef99875/psutil-7.2.2-cp313-cp313t-macosx_10_13_x86_64.whl", hash = "sha256:2edccc433cbfa046b980b0df0171cd25bcaeb3a68fe9022db0979e7aa74a826b", size = 130595, upload-time = "2026-01-28T18:14:57.293Z" },
    { url = "https://files.pythonhosted.org/packages/d6/f5/97baea3fe7a5a9af7436301f85490905379b1c6f2dd51fe3ecf24b4c5fbf/psutil-7.2.2-cp313-cp313t-macosx_11_0_arm64.whl", hash = "sha256:e78c8603dcd9a04c7364f1a3e670cea95d51ee865e4efb3556a3a63adef958ea", size = 131082, upload-time = "2026-01-28T18:14:59.732Z" },
    { url = "https://files.pythonhosted.org/packages/37/d6/246513fbf9fa174af531f28412297dd05241d97a75911ac8febefa1a53c6/psutil-7.2.2-cp313-cp313t-manylinux2010_x86_64.manylinux_2_12_x86_64.manylinux_2_28_x86_64.whl", hash = "sha256:1a571f2330c966c62aeda00dd24620425d4b0cc86881c89861fbc04549e5dc63", size = 181476, upload-time = "2026-01-28T18:15:01.884Z" },
    { url = "https://files.pythonhosted.org/packages/b8/b5/9182c9af3836cca61696dabe4fd1304e17bc56cb62f17439e1154f225dd3/psutil-7.2.2-cp313-cp313t-manylinux2014_aarch64.manylinux_2_17_aarch64.manylinux_2_28_aarch64.whl", hash = "sha256:917e891983ca3c1887b4ef36447b1e0873e70c933afc831c6b6da078ba474312", size = 184062, upload-time = "2026-01-28T18:15:04.436Z" },
    { url = "https://files.pythonhosted.org/packages/16/ba/0756dca669f5a9300d0cbcbfae9a4c30e446dfc7440ffe43ded5724bfd93/psutil-7.2.2-cp313-cp313t-win_amd64.whl", hash = "sha256:ab486563df44c17f5173621c7b198955bd6b613fb87c71c161f827d3fb149a9b", size = 139893, upload-time = "2026-01-28T18:15:06.378Z" },
    { url = "https://files.pythonhosted.org/packages/1c/61/8fa0e26f33623b49949346de05ec1ddaad02ed8ba64af45f40a147dbfa97/psutil-7.2.2-cp313-cp313t-win_arm64.whl", hash = "sha256:ae0aefdd8796a7737eccea863f80f81e468a1e4cf14d926bd9b6f5f2d5f90ca9", size = 135589, upload-time = "2026-01-28T18:15:08.03Z" },
    { url = "https://files.pythonhosted.org/packages/81/69/ef179ab5ca24f32acc1dac0c247fd6a13b501fd5534dbae0e05a1c48b66d/psutil-7.2.2-cp314-cp314t-macosx_10_15_x86_64.whl", hash = "sha256:eed63d3b4d62449571547b60578c5b2c4bcccc5387148db46e0c2313dad0ee00", size = 130664, upload-time = "2026-01-28T18:15:09.469Z" },
    { url = "https://files.pythonhosted.org/packages/7b/64/665248b557a236d3fa9efc378d60d95ef56dd0a490c2cd37dafc7660d4a9/psutil-7.2.2-cp314-cp314t-macosx_11_0_arm64.whl", hash = "sha256:7b6d09433a10592ce39b13d7be5a54fbac1d1228ed29abc880fb23df7cb694c9", size = 131087, upload-time = "2026-01-28T18:15:11.724Z" },
    { url = "https://files.pythonhosted.org/packages/d5/2e/e6782744700d6759ebce3043dcfa661fb61e2fb752b91cdeae9af12c2178/psutil-7.2.2-cp314-cp314t-manylinux2010_x86_64.manylinux_2_12_x86_64.manylinux_2_28_x86_64.whl", hash = "sha256:1fa4ecf83bcdf6e6c8f4449aff98eefb5d0604bf88cb883d7da3d8d2d909546a", size = 182383, upload-time = "2026-01-28T18:15:13.445Z" },
    { url = "https://files.pythonhosted.org/packages/57/49/0a41cefd10cb7505cdc04dab3eacf24c0c2cb158a998b8c7b1d27ee2c1f5/psutil-7.2.2-cp314-cp314t-manylinux2014_aarch64.manylinux_2_17_aarch64.manylinux_2_28_aarch64.whl", hash = "sha256:e452c464a02e7dc7822a05d25db4cde564444a67e58539a00f929c51eddda0cf", size = 185210, upload-time = "2026-01-28T18:15:16.002Z" },
    { url = "https://files.pythonhosted.org/packages/dd/2c/ff9bfb544f283ba5f83ba725a3c5fec6d6b10b8f27ac1dc641c473dc390d/psutil-7.2.2-cp314-cp314t-win_amd64.whl", hash = "sha256:c7663d4e37f13e884d13994247449e9f8f574bc4655d509c3b95e9ec9e2b9dc1", size = 141228, upload-time = "2026-01-28T18:15:18.385Z" },
    { url = "https://files.pythonhosted.org/packages/f2/fc/f8d9c31db14fcec13748d373e668bc3bed94d9077dbc17fb0eebc073233c/psutil-7.2.2-cp314-cp314t-win_arm64.whl", hash = "sha256:11fe5a4f613759764e79c65cf11ebdf26e33d6dd34336f8a337aa2996d71c841", size = 136284, upload-time = "2026-01-28T18:15:19.912Z" },
    { url = "https://files.pythonhosted.org/packages/e7/36/5ee6e05c9bd427237b11b3937ad82bb8ad2752d72c6969314590dd0c2f6e/psutil-7.2.2-cp36-abi3-macosx_10_9_x86_64.whl", hash = "sha256:ed0cace939114f62738d808fdcecd4c869222507e266e574799e9c0faa17d486", size = 129090, upload-time = "2026-01-28T18:15:22.168Z" },
    { url = "https://files.pythonhosted.org/packages/80/c4/f5af4c1ca8c1eeb2e92ccca14ce8effdeec651d5ab6053c589b074eda6e1/psutil-7.2.2-cp36-abi3-macosx_11_0_arm64.whl", hash = "sha256:1a7b04c10f32cc88ab39cbf606e117fd74721c831c98a27dc04578deb0c16979", size = 129859, upload-time = "2026-01-28T18:15:23.795Z" },
    { url = "https://files.pythonhosted.org/packages/b5/70/5d8df3b09e25bce090399cf48e452d25c935ab72dad19406c77f4e828045/psutil-7.2.2-cp36-abi3-manylinux2010_x86_64.manylinux_2_12_x86_64.manylinux_2_28_x86_64.whl", hash = "sha256:076a2d2f923fd4821644f5ba89f059523da90dc9014e85f8e45a5774ca5bc6f9", size = 155560, upload-time = "2026-01-28T18:15:25.976Z" },
    { url = "https://files.pythonhosted.org/packages/63/65/37648c0c158dc222aba51c089eb3bdfa238e621674dc42d48706e639204f/psutil-7.2.2-cp36-abi3-manylinux2014_aarch64.manylinux_2_17_aarch64.manylinux_2_28_aarch64.whl", hash = "sha256:b0726cecd84f9474419d67252add4ac0cd9811b04d61123054b9fb6f57df6e9e", size = 156997, upload-time = "2026-01-28T18:15:27.794Z" },
    { url = "https://files.pythonhosted.org/packages/8e/13/125093eadae863ce03c6ffdbae9929430d116a246ef69866dad94da3bfbc/psutil-7.2.2-cp36-abi3-musllinux_1_2_aarch64.whl", hash = "sha256:fd04ef36b4a6d599bbdb225dd1d3f51e00105f6d48a28f006da7f9822f2606d8", size = 148972, upload-time = "2026-01-28T18:15:29.342Z" },
    { url = "https://files.pythonhosted.org/packages/04/78/0acd37ca84ce3ddffaa92ef0f571e073faa6d8ff1f0559ab1272188ea2be/psutil-7.2.2-cp36-abi3-musllinux_1_2_x86_64.whl", hash = "sha256:b58fabe35e80b264a4e3bb23e6b96f9e45a3df7fb7eed419ac0e5947c61e47cc", size = 148266, upload-time = "2026-01-28T18:15:31.597Z" },
    { url = "https://files.pythonhosted.org/packages/b4/90/e2159492b5426be0c1fef7acba807a03511f97c5f86b3caeda6ad92351a7/psutil-7.2.2-cp37-abi3-win_amd64.whl", hash = "sha256:eb7e81434c8d223ec4a219b5fc1c47d0417b12be7ea866e24fb5ad6e84b3d988", size = 137737, upload-time = "2026-01-28T18:15:33.849Z" },
    { url = "https://files.pythonhosted.org/packages/8c/c7/7bb2e321574b10df20cbde462a94e2b71d05f9bbda251ef27d104668306a/psutil-7.2.2-cp37-abi3-win_arm64.whl", hash = "sha256:8c233660f575a5a89e6d4cb65d9f938126312bca76d8fe087b947b3a1aaac9ee", size = 134617, upload-time = "2026-01-28T18:15:36.514Z" },
]

[[package]]
name = "pygments"
version = "2.21.0"
source = { registry = "https://pypi.org/simple" }
sdist = { url = "https://files.pythonhosted.org/packages/49/2e/ced460408999b33da6b31b0021b0f37d329e202d4169aeb164493778f25b/pygments-2.21.0.tar.gz", hash = "sha256:610ca751c9bc2492b38eb9a38a7fbc93edbbb2d7182edaf34e66ae493dee5c8c", size = 5005329, upload-time = "2026-08-17T08:02:48.824Z" }
wheels = [
    { url = "https://files.pythonhosted.org/packages/71/46/17f022dd3e953bf20a04a028a21ec746d942f8d2af30fa0f124fa0e6a684/pygments-2.21.0-py3-none-any.whl", hash = "sha256:2363c69b61c4a97c838da3b130dcd6468f4848992b21a82f2a63ec34377137d9", size = 1250147, upload-time = "2026-08-17T08:02:44.912Z" },
]

[[package]]
name = "pyvideotools"
version = "0.1.0"
source = { virtual = "." }
dependencies = [
    { name = "setuptools" },
    { name = "vsjetpack", extra = ["source"] },
]

[package.metadata]
requires-dist = [
    { name = "setuptools", specifier = ">=84.0.0" },
    { name = "vsjetpack", extras = ["source"], specifier = ">=2.2.4" },
]

[[package]]
name = "rich"
version = "15.0.0"
source = { registry = "https://pypi.org/simple" }
dependencies = [
    { name = "markdown-it-py" },
    { name = "pygments" },
]
sdist = { url = "https://files.pythonhosted.org/packages/c0/8f/0722ca900cc807c13a6a0c696dacf35430f72e0ec571c4275d2371fca3e9/rich-15.0.0.tar.gz", hash = "sha256:edd07a4824c6b40189fb7ac9bc4c52536e9780fbbfbddf6f1e2502c31b068c36", size = 230680, upload-time = "2026-04-12T08:24:00.75Z" }
wheels = [
    { url = "https://files.pythonhosted.org/packages/82/3b/64d4899d73f91ba49a8c18a8ff3f0ea8f1c1d75481760df8c68ef5235bf5/rich-15.0.0-py3-none-any.whl", hash = "sha256:33bd4ef74232fb73fe9279a257718407f169c09b78a87ad3d296f548e27de0bb", size = 310654, upload-time = "2026-04-12T08:24:02.83Z" },
]

[[package]]
name = "setuptools"
version = "84.0.0"
source = { registry = "https://pypi.org/simple" }
sdist = { url = "https://files.pythonhosted.org/packages/6d/44/f5da03a8ef95d369145c5bb53050e7877c9f3d312e128605fd9504829143/setuptools-84.0.0.tar.gz", hash = "sha256:f4695c21257f0d9b537ec2692c941d02ee143b7cc1276941349a546573b2ef73", size = 1168449, upload-time = "2026-08-08T18:27:58.365Z" }
wheels = [
    { url = "https://files.pythonhosted.org/packages/95/9c/c510029fc6ef33a6275cd2c5d3cecd6613dfd6aa401d57c54f1c18852ccf/setuptools-84.0.0-py3-none-any.whl", hash = "sha256:51a52592b3b99e102b609654876bd65f19f999935166d1352678931132b0c670", size = 818216, upload-time = "2026-08-08T18:27:56.719Z" },
]

[[package]]
name = "typing-extensions"
version = "4.16.0"
source = { registry = "https://pypi.org/simple" }
sdist = { url = "https://files.pythonhosted.org/packages/f6/cc/6253133b5bb138fc3306cebfbda2c520f545d36b5be2c7255cc528bb45d6/typing_extensions-4.16.0.tar.gz", hash = "sha256:dc983d19a509c94dba722ee6abd33940f7c05a89e243c47e907eb4db6f1a43e5", size = 113555, upload-time = "2026-07-02T08:40:05.92Z" }
wheels = [
    { url = "https://files.pythonhosted.org/packages/49/d3/b8441a820a491ddfc024b0b0cf0393375b75ea13866d9c66727e54c2fc80/typing_extensions-4.16.0-py3-none-any.whl", hash = "sha256:481caa481374e813c1b176ada14e97f1f67a4539ce9cfeb3f350d78d6370c2e8", size = 45571, upload-time = "2026-07-02T08:40:04.659Z" },
]

[[package]]
name = "vapoursynth"
version = "79"
source = { registry = "https://pypi.org/simple" }
sdist = { url = "https://files.pythonhosted.org/packages/2d/4d/bb7fcc7f304e7248cf6c83ec0c3c97ee4b4fa2e05bfbbe2a578a9b41fab9/vapoursynth-79.tar.gz", hash = "sha256:01311b79ef22334115f79a78a6d7548bd29f35cc903ee0cea12443d49e142eb1", size = 657038, upload-time = "2026-08-07T08:58:43.96Z" }
wheels = [
    { url = "https://files.pythonhosted.org/packages/68/a3/24c2f637f79f41551c72b6505ba008ba229a1fd7869f102cc77b86ce7bd6/vapoursynth-79-cp312-abi3-macosx_13_0_arm64.whl", hash = "sha256:ea2750319e31d099b4652a4a63f47db2c297c307f7567e3e9352b75158c7b37c", size = 1367869, upload-time = "2026-08-07T08:58:29.308Z" },
    { url = "https://files.pythonhosted.org/packages/91/09/40354f2a95db5a6462a6ca7d66481bc4970c6d3147c547b1d45b5eb35205/vapoursynth-79-cp312-abi3-macosx_13_0_x86_64.whl", hash = "sha256:64eb7309439407fec0e0f6771c1b6f954d08355c46cf0c56fb55e1ba68bb7f79", size = 4483430, upload-time = "2026-08-07T08:58:31.846Z" },
    { url = "https://files.pythonhosted.org/packages/39/b5/d329a044564c22beda6b31cd47f1814cbad29e71a77af1b304715614e628/vapoursynth-79-cp312-abi3-manylinux_2_27_aarch64.manylinux_2_28_aarch64.whl", hash = "sha256:50d031d07b1839ba362cf314e212edb0760c7ca2a7625a051a0bcbf22aaf9d1c", size = 1803612, upload-time = "2026-08-07T08:58:33.366Z" },
    { url = "https://files.pythonhosted.org/packages/c2/82/a4f5e879ff0bb6722ecbecf01482b0783ed05d42aefa7717e6a6f4f77180/vapoursynth-79-cp312-abi3-manylinux_2_27_x86_64.manylinux_2_28_x86_64.whl", hash = "sha256:6f1e37f0ed8eb73e61c3c231fd7f7a0f7acfa893e98d026686e9c81e52c9ce06", size = 4536724, upload-time = "2026-08-07T08:58:35.38Z" },
    { url = "https://files.pythonhosted.org/packages/b7/6f/1546d68b3eac2e83b48da4f8e5272eaec6360f84c7adbaf4fc25e3bb44c8/vapoursynth-79-cp312-abi3-musllinux_1_2_aarch64.whl", hash = "sha256:a780f425f1f102ddb8dd36bc54743f5747d0e08b7cb93eacce8b55eaeb56d555", size = 2585590, upload-time = "2026-08-07T08:58:37.338Z" },
    { url = "https://files.pythonhosted.org/packages/82/e7/8ae84da0b7500c5ed30d02b1c90d3a1beb454ef1965e18b803c8224e8aba/vapoursynth-79-cp312-abi3-musllinux_1_2_x86_64.whl", hash = "sha256:fd2172ecadbe79735c5068e65901d7a37c73488ead54880a305bc7866d2db9b7", size = 5363607, upload-time = "2026-08-07T08:58:39.15Z" },
    { url = "https://files.pythonhosted.org/packages/bc/e4/e551a29871be0e2f0378232e7f347b944b632fa23a42c056cfec53485f95/vapoursynth-79-cp312-abi3-win_amd64.whl", hash = "sha256:643d9708df7e98807a66d4e8804e2e9a1380af22bea2873387d8af103e69aa5b", size = 15157546, upload-time = "2026-08-07T08:58:41.525Z" },
]

[[package]]
name = "vapoursynth-akarin"
version = "1.5.0"
source = { registry = "https://pypi.org/simple" }
dependencies = [
    { name = "vapoursynth" },
]
sdist = { url = "https://files.pythonhosted.org/packages/8b/d6/575de29784daf717ccb026e33d35e82ccb6e4d328e9c977379899c839e91/vapoursynth_akarin-1.5.0.tar.gz", hash = "sha256:68720c5163163fa59624eb72054564fef3375438ca266efe455a7882f1a07849", size = 538666, upload-time = "2026-08-27T00:27:28.387Z" }
wheels = [
    { url = "https://files.pythonhosted.org/packages/ff/61/9bcb383dc8fdfefe4444801130f40015490227e880873b8d233cd1d4c1cb/vapoursynth_akarin-1.5.0-py3-none-macosx_14_0_arm64.whl", hash = "sha256:bc5ab5c6629734ebe18d51a3ced79cde8b8ed9a0360506febd060bbb79136d84", size = 22108555, upload-time = "2026-08-27T00:27:05.417Z" },
    { url = "https://files.pythonhosted.org/packages/37/bf/96fc6582ee058f64643eebf814992b9f6c861b8e2e70ccb80231cf737a17/vapoursynth_akarin-1.5.0-py3-none-macosx_14_0_x86_64.whl", hash = "sha256:6d5fc86474ea77e69063ab9319efb5860911b88f3fe55375660e54216a4ee096", size = 24670337, upload-time = "2026-08-27T00:27:09.404Z" },
    { url = "https://files.pythonhosted.org/packages/9b/50/b586b7b54229814ec6e45ad1f3de813937f353052b5bd10c0b7816862497/vapoursynth_akarin-1.5.0-py3-none-manylinux_2_35_aarch64.whl", hash = "sha256:d07965fa5d64eb246fad6a3fefd69712e5923eda5b91f6471128a48635231ec0", size = 21224625, upload-time = "2026-08-27T00:27:13.077Z" },
    { url = "https://files.pythonhosted.org/packages/88/82/656755adce60bdf2758c0b03eb3ed7b9622c114bed1d5a1c6c7e13fb5e77/vapoursynth_akarin-1.5.0-py3-none-manylinux_2_35_x86_64.whl", hash = "sha256:3e4473096d4fce9426e40ef7451e87bc96724c24982c82c7f9a268c3f1f875b8", size = 22594778, upload-time = "2026-08-27T00:27:17.111Z" },
    { url = "https://files.pythonhosted.org/packages/69/ea/640cbce28eddfdd68f129e48868d887e2eca144acc03f721b94666220507/vapoursynth_akarin-1.5.0-py3-none-musllinux_1_2_x86_64.whl", hash = "sha256:162db3febcc225ff21153a430cf3c4461ff44df12c8539a4ac41897bd14e9653", size = 37418998, upload-time = "2026-08-27T00:27:22.054Z" },
    { url = "https://files.pythonhosted.org/packages/0d/31/95658c029a7ee3bbfc1359f9fa623a13f0a3ff0d940ba9e204421dd7a0ca/vapoursynth_akarin-1.5.0-py3-none-win_amd64.whl", hash = "sha256:66ba011c36f2c0a630c6a6662a40ca62d992b266ea36a0c1bf3c988e1738d7ae", size = 25910614, upload-time = "2026-08-27T00:27:26.133Z" },
]

[[package]]
name = "vapoursynth-bestsource"
version = "21.0"
source = { registry = "https://pypi.org/simple" }
dependencies = [
    { name = "vapoursynth" },
]
sdist = { url = "https://files.pythonhosted.org/packages/43/70/f409aebadadd6d0d983026ab069b91b9d834fd8789db46035df6cfb98efa/vapoursynth_bestsource-21.0.tar.gz", hash = "sha256:76ddfeeec6bb69ab18985a5c2e45b240f11fa40fc2f7f48a9e101c839bbcc7ba", size = 71648, upload-time = "2026-08-18T19:34:21.654Z" }
wheels = [
    { url = "https://files.pythonhosted.org/packages/25/5f/cccf886171ada2c7b0ac6f25579d003eaa3102e322623f674cf242b4c07e/vapoursynth_bestsource-21.0-py3-none-macosx_15_0_arm64.whl", hash = "sha256:cd805dc79a624d6546e2643c7f32ae25e0d2f330a0c1573d250ac321ed60d2c0", size = 8962551, upload-time = "2026-08-18T19:34:07.318Z" },
    { url = "https://files.pythonhosted.org/packages/c3/c1/f4e170cd0f25bcd338afebd3e4caf2a9a4e389327583d7f8589ab22735b2/vapoursynth_bestsource-21.0-py3-none-macosx_15_0_x86_64.whl", hash = "sha256:f15f983ad83a348f6e7265c1e4a4c3bbe47061b0ffd25b3ac73ca4c447c5ebac", size = 10608248, upload-time = "2026-08-18T19:34:09.36Z" },
    { url = "https://files.pythonhosted.org/packages/6f/35/0e71d6b30ca31c0498f0b0b46087ba8abd1940433f5d0fd695df14b82473/vapoursynth_bestsource-21.0-py3-none-manylinux_2_28_aarch64.whl", hash = "sha256:1fa252bfee315cb4d1f59455158bfc744b933a92947e5b6e5fcd8b067f2aacff", size = 12259435, upload-time = "2026-08-18T19:34:11.384Z" },
    { url = "https://files.pythonhosted.org/packages/86/b3/94c257b4a7dd60e4d039478a68f72fcdec0e00f14e2a51b1b45f06be17e3/vapoursynth_bestsource-21.0-py3-none-manylinux_2_28_x86_64.whl", hash = "sha256:14a932a0ae50e5f24bf73cabfb60ea61940def1d1c6ab0ba134ab9bfaeb077ee", size = 13644916, upload-time = "2026-08-18T19:34:13.359Z" },
    { url = "https://files.pythonhosted.org/packages/10/db/799e1bcf91f4a5434b8b3f4078b0fbff6779b3227bcabc4c4e62ab7b5987/vapoursynth_bestsource-21.0-py3-none-musllinux_1_2_aarch64.whl", hash = "sha256:cc0d3265ece647cfaed7a23ad7e2376834bec1bc49c883f196ff55cb3be16f24", size = 13157009, upload-time = "2026-08-18T19:34:15.433Z" },
    { url = "https://files.pythonhosted.org/packages/4d/32/4ab8ca0cc6d6aeb4b7287edc32577605daeff3f1e78fbc28d4d54bbb3f89/vapoursynth_bestsource-21.0-py3-none-musllinux_1_2_x86_64.whl", hash = "sha256:e437caa96102babf0a787b65900f41f140ecf4e50e5915571002b5a5ddf6f035", size = 14592469, upload-time = "2026-08-18T19:34:17.545Z" },
    { url = "https://files.pythonhosted.org/packages/31/f9/148bcf3d22910b0b3c574aeb4fea522e585313c1998694662c61084622e5/vapoursynth_bestsource-21.0-py3-none-win_amd64.whl", hash = "sha256:f1003f5e610acc80ae1bd23752ba182455f807922c83db9958a299991f272ea4", size = 12315301, upload-time = "2026-08-18T19:34:19.71Z" },
]

[[package]]
name = "vapoursynth-d2vsource"
version = "1.4"
source = { registry = "https://pypi.org/simple" }
dependencies = [
    { name = "vapoursynth" },
]
sdist = { url = "https://files.pythonhosted.org/packages/6f/fe/050737fc63ed0afb72cac767f20492df00c7c5019ae4357f530d1cb4137f/vapoursynth_d2vsource-1.4.tar.gz", hash = "sha256:070e7ff185888c7ceafd602a2434f02e4a09c63d092fa1c0d210a5a5e2cf5e56", size = 29512, upload-time = "2026-04-09T11:02:10.654Z" }
wheels = [
    { url = "https://files.pythonhosted.org/packages/c3/fc/f152c012e3a1ada9c46fe2eeb5bff1783fe6b3461f80f4168969f5845402/vapoursynth_d2vsource-1.4-py3-none-macosx_15_0_arm64.whl", hash = "sha256:a73af0e3a199330a2ca850d6ea18f12afe3123e991740a6526cdc1e5c1d69f4c", size = 6872670, upload-time = "2026-04-09T11:02:00.714Z" },
    { url = "https://files.pythonhosted.org/packages/62/4c/04722cc1990470d6dbc1e8935e0780589d49d592eca6f6650e71a837cab4/vapoursynth_d2vsource-1.4-py3-none-macosx_15_0_x86_64.whl", hash = "sha256:63000b9ea6444139c2b457d8f84904097fae20eac9f5a81ce3c5d8a2f195707d", size = 7626097, upload-time = "2026-04-09T11:02:02.674Z" },
    { url = "https://files.pythonhosted.org/packages/72/ac/7ef4c5ddf79372d6d10693380dfbfbb7657b8e60fcc39735206644178891/vapoursynth_d2vsource-1.4-py3-none-manylinux_2_28_aarch64.whl", hash = "sha256:2548a5026ec48082db35b4822524cea21ba2131a89fa7fd0ec03526a4ffcc11f", size = 8618158, upload-time = "2026-04-09T11:02:04.287Z" },
    { url = "https://files.pythonhosted.org/packages/fe/dc/15d6fd93802f3387312340c1d43d6955ba691bba7ace62a801179cbba115/vapoursynth_d2vsource-1.4-py3-none-manylinux_2_28_x86_64.whl", hash = "sha256:eb7a0295d47e6183e28c164ecee401ecfde71c37a910c4739f4b35905d9c3834", size = 8832638, upload-time = "2026-04-09T11:02:06.4Z" },
    { url = "https://files.pythonhosted.org/packages/66/5f/cc9f5e01f59d59c2046fc0726c762acdcd5803fe19d07a45cf7542d53476/vapoursynth_d2vsource-1.4-py3-none-win_amd64.whl", hash = "sha256:f594160446d79e912b02644a8c875cd37efe054823f8cd53a4ba4e544f9fecd8", size = 8872030, upload-time = "2026-04-09T11:02:08.629Z" },
]

[[package]]
name = "vapoursynth-dvdsrc2"
version = "4.0"
source = { registry = "https://pypi.org/simple" }
dependencies = [
    { name = "vapoursynth" },
]
sdist = { url = "https://files.pythonhosted.org/packages/e0/e3/6bfb7e3a3e817dedc5de793c0686c5b201ad73f0943935f765d3f254a7f6/vapoursynth_dvdsrc2-4.0.tar.gz", hash = "sha256:a4e2892266975adc9d0b3eed7c018c5b9d50cb44d15bbb2a801e53f66d66de35", size = 39251, upload-time = "2026-05-22T15:54:34.799Z" }
wheels = [
    { url = "https://files.pythonhosted.org/packages/d3/85/c5332418b430a64172286503f4264ca0a0f911aa4524f17d46ea62b56ef7/vapoursynth_dvdsrc2-4.0-py3-none-macosx_15_0_arm64.whl", hash = "sha256:5376be4412a60bf9dd9183cf52e61b29f79ce5cd453ea2842ef052fef1f6e53f", size = 376232, upload-time = "2026-05-22T15:54:24.814Z" },
    { url = "https://files.pythonhosted.org/packages/04/6b/33e5478adfd78fc3941fe762d078ebb146ba389c07846ae73b0d0b2b177f/vapoursynth_dvdsrc2-4.0-py3-none-macosx_15_0_x86_64.whl", hash = "sha256:7f487d5cc482a81193e95483986641da75399cace062c60770dff5526ca6b512", size = 403926, upload-time = "2026-05-22T15:54:26.503Z" },
    { url = "https://files.pythonhosted.org/packages/12/cb/0dc42bfd4427df946d3c58ef8c1b1cb2d84f7ff0597320dc3d7bf5977793/vapoursynth_dvdsrc2-4.0-py3-none-manylinux_2_28_aarch64.whl", hash = "sha256:975ab7a25380d0c512fd1c7d862c359e6a811c9b1cb205db7f6bad71391303e5", size = 633547, upload-time = "2026-05-22T15:54:27.806Z" },
    { url = "https://files.pythonhosted.org/packages/73/6d/dd31abc0fb3391353851098bdc15c48d6ca340c580b84b91756503328551/vapoursynth_dvdsrc2-4.0-py3-none-manylinux_2_28_x86_64.whl", hash = "sha256:05ab06f50556428abd3b77a5f0c626616047b9f7b98e1253b7a0da63266c264d", size = 652399, upload-time = "2026-05-22T15:54:29.228Z" },
    { url = "https://files.pythonhosted.org/packages/b2/e0/0d2f1e93d92f4d66c7f3f72899d1417c18bcf4074cf1550fb0ce678d0b17/vapoursynth_dvdsrc2-4.0-py3-none-musllinux_1_2_aarch64.whl", hash = "sha256:d08c3be28adbb5ddba3853021084882cf62458c1da5ad2291c87fa81476d050a", size = 695619, upload-time = "2026-05-22T15:54:30.469Z" },
    { url = "https://files.pythonhosted.org/packages/ed/96/fdd0bece400dbb6ab4e7b3b0784afe36c3a754b0ab6d2cad1728d56418c9/vapoursynth_dvdsrc2-4.0-py3-none-musllinux_1_2_x86_64.whl", hash = "sha256:a1e86d9fb30f2ce225163704cde6ee7e70a2459ca5837138f7039fd0d26a00f7", size = 732109, upload-time = "2026-05-22T15:54:31.972Z" },
    { url = "https://files.pythonhosted.org/packages/e8/d7/f20ce1a7215a43c3b82c4e687d4925369c5fc458621381103b8ba159b9e4/vapoursynth_dvdsrc2-4.0-py3-none-win_amd64.whl", hash = "sha256:5ed8f1041c5204f38fa2693ee732c446dd9f8d5a8dbbcd19fa1360d623e2ac75", size = 800104, upload-time = "2026-05-22T15:54:33.349Z" },
]

[[package]]
name = "vapoursynth-ffms2"
version = "5.2.1"
source = { registry = "https://pypi.org/simple" }
dependencies = [
    { name = "vapoursynth" },
]
sdist = { url = "https://files.pythonhosted.org/packages/66/7c/d320ef53fb909697f49109047db5192a4ab1f043651c4da472cc2cde52d3/vapoursynth_ffms2-5.2.1.tar.gz", hash = "sha256:a589a88437d2db45067bb74664147da5e0a18244cabebe60bb5bf3ad8cfc428e", size = 3248, upload-time = "2026-05-18T07:33:03.873Z" }

[[package]]
name = "vapoursynth-lsmas"
version = "1310.0.0.0"
source = { registry = "https://pypi.org/simple" }
dependencies = [
    { name = "vapoursynth" },
]
sdist = { url = "https://files.pythonhosted.org/packages/bd/cb/780219eb9597b3d063a862bc004ba4b324d060076210605bc8c50859cbc2/vapoursynth_lsmas-1310.0.0.0.tar.gz", hash = "sha256:d529128e2d13763cbb56c21f0fd534191380530de6042907cbdae366b23ba2e5", size = 19063403, upload-time = "2026-08-23T22:55:34.128Z" }
wheels = [
    { url = "https://files.pythonhosted.org/packages/0a/3e/9ffe270c6c48d4c108a613931519edfc8ffecf39f50db9c0d57357654e64/vapoursynth_lsmas-1310.0.0.0-py3-none-macosx_15_0_arm64.whl", hash = "sha256:f711be5aff8dd8a217026293d7568ed1bcafc293d9078f95b9432d1e26fe7d9f", size = 8861984, upload-time = "2026-08-23T22:55:15.188Z" },
    { url = "https://files.pythonhosted.org/packages/04/93/928efcced402422421190a0f826fbdf0ed6478c716abfe962c2d1f50e5ad/vapoursynth_lsmas-1310.0.0.0-py3-none-macosx_15_0_x86_64.whl", hash = "sha256:a8488f7607cb01815427180ebe9bf2de73a5ede2893b005b5653403178eefd65", size = 9806224, upload-time = "2026-08-23T22:55:17.917Z" },
    { url = "https://files.pythonhosted.org/packages/49/ee/a5823f5430af3344873582ffd4752273d5f4a6084fa08936eb7c6c79ab4c/vapoursynth_lsmas-1310.0.0.0-py3-none-manylinux_2_28_aarch64.whl", hash = "sha256:2c2cd1d22b8000554e889cda1abc881c9e4dd9cb10717413a837c870d2c965be", size = 10741335, upload-time = "2026-08-23T22:55:20.442Z" },
    { url = "https://files.pythonhosted.org/packages/ec/de/40a4c15d0ddb4014edb3fd92f1358cf9e2c2b14eb272b04912aaa802e58f/vapoursynth_lsmas-1310.0.0.0-py3-none-manylinux_2_28_x86_64.whl", hash = "sha256:d181656d09e47ec8b9155acdcb6b3f938ea95814e4d59057cbec6acda86d4b3a", size = 11544277, upload-time = "2026-08-23T22:55:23.101Z" },
    { url = "https://files.pythonhosted.org/packages/58/b3/ade0bd7d15e90d86822d90ae293ed7b5ae2411284a9610d0cef3476aa49e/vapoursynth_lsmas-1310.0.0.0-py3-none-musllinux_1_2_aarch64.whl", hash = "sha256:73649cbe7205633c7d55be68462e7f48fbf74754a4a45b692e63b37060be9281", size = 10845461, upload-time = "2026-08-23T22:55:25.812Z" },
    { url = "https://files.pythonhosted.org/packages/74/ca/c613b3f451bf7922062257625475d19fbef84a0c0f2367a0d55f6e77cec5/vapoursynth_lsmas-1310.0.0.0-py3-none-musllinux_1_2_x86_64.whl", hash = "sha256:263024914ee2851bca7a7d87236df0e89247b3816cef9acf1101e26075e4b250", size = 12667906, upload-time = "2026-08-23T22:55:28.545Z" },
    { url = "https://files.pythonhosted.org/packages/a2/4f/f5804dbeb6563486e1d72ce3e72cb9ae2c7201c6660112447f2e1c6f85ec/vapoursynth_lsmas-1310.0.0.0-py3-none-win_amd64.whl", hash = "sha256:8197e2c901ff7b9ac651a66819986bfd993767a0b656a8d11c8f5b53829d2f6b", size = 11530241, upload-time = "2026-08-23T22:55:31.069Z" },
]

[[package]]
name = "vapoursynth-vszip"
version = "22.1.0"
source = { registry = "https://pypi.org/simple" }
dependencies = [
    { name = "vapoursynth" },
]
sdist = { url = "https://files.pythonhosted.org/packages/3e/5e/3823f1c3ce492c3f0acca288501e67cbd1de4be317c436c71d5fdfdd81c9/vapoursynth_vszip-22.1.0.tar.gz", hash = "sha256:93c1aaf5867ad43e1f21b77418fa89b0b1ed2191d0c4bfb03a65c958826ed8c9", size = 218865, upload-time = "2026-07-16T23:44:48.928Z" }
wheels = [
    { url = "https://files.pythonhosted.org/packages/23/03/8bd2797876079ed3021deec2ea0975ce484e5ba97856d753c83f52e6525f/vapoursynth_vszip-22.1.0-py3-none-macosx_11_0_arm64.whl", hash = "sha256:847c23126a4ce0a9afc580ff901aa360d574f9dd817336970b7e6e5252ad1c19", size = 939096, upload-time = "2026-07-16T23:44:37.812Z" },
    { url = "https://files.pythonhosted.org/packages/b9/73/c5d75d6c82a86bbf8761fa3b6a32e51363f9b40517241a9e9ff037d7fcc1/vapoursynth_vszip-22.1.0-py3-none-macosx_11_0_x86_64.whl", hash = "sha256:853bd3cba0a2f8d8702bf874b08e85c194f22f186a02706644b25abae24325e6", size = 1163802, upload-time = "2026-07-16T23:44:39.329Z" },
    { url = "https://files.pythonhosted.org/packages/ab/02/7738682e7292915e89a406f6cba8463d19c8e36d6ecc9cc6b7aad378a8bb/vapoursynth_vszip-22.1.0-py3-none-manylinux_2_17_aarch64.whl", hash = "sha256:dd13b3234d993bafc4ec1333b576cf7e4ee66d8f83b7af0252d6040fd8d908f9", size = 1022277, upload-time = "2026-07-16T23:44:40.981Z" },
    { url = "https://files.pythonhosted.org/packages/de/01/c5673a765087128fc890be0202aa3f26e8f4ced1e85712328cc53af74e91/vapoursynth_vszip-22.1.0-py3-none-manylinux_2_17_x86_64.whl", hash = "sha256:08650c2b83391301f602dade914c1e698142f8f17b3e0e92bdb3f73c4a805040", size = 3704916, upload-time = "2026-07-16T23:44:42.352Z" },
    { url = "https://files.pythonhosted.org/packages/1c/c8/5d91cdd2472b9ee2b6485eff04a8a7d9b9bffbdee36ce6088156ef90f939/vapoursynth_vszip-22.1.0-py3-none-musllinux_1_2_aarch64.whl", hash = "sha256:d79b783e511d649b289513888ccc221bcfd5c60d3c9874e432a3d44112c30f64", size = 1020112, upload-time = "2026-07-16T23:44:44.011Z" },
    { url = "https://files.pythonhosted.org/packages/f1/27/715b1c02f7a401b62d65a9e97f52e92cd150fa24800ae5d23791973ee92d/vapoursynth_vszip-22.1.0-py3-none-musllinux_1_2_x86_64.whl", hash = "sha256:77f8470bc6340181c1f5abc588459bb94fccc0d9f67514a8d93c0e1aa0e8023f", size = 3699807, upload-time = "2026-07-16T23:44:45.413Z" },
    { url = "https://files.pythonhosted.org/packages/ed/6a/2657a08533f279db5e225fc0d4de81bd9d8d0504d670135001dbe8c78196/vapoursynth_vszip-22.1.0-py3-none-win_amd64.whl", hash = "sha256:1f5e6aa39ea72e610c1146c2d27f157bea507895555398c60347a65ee1745273", size = 3849505, upload-time = "2026-07-16T23:44:47.227Z" },
]

[[package]]
name = "vsjetpack"
version = "2.2.4"
source = { registry = "https://pypi.org/simple" }
dependencies = [
    { name = "jetpytools" },
    { name = "numpy" },
    { name = "psutil" },
    { name = "rich" },
    { name = "typing-extensions", marker = "python_full_version < '3.15'" },
    { name = "vapoursynth" },
    { name = "vapoursynth-akarin" },
    { name = "vapoursynth-vszip" },
]
sdist = { url = "https://files.pythonhosted.org/packages/6a/a1/6cb6f3ae6c8e445b742489c7f34cc29007b3190ab41ca06090e5e3b32e28/vsjetpack-2.2.4.tar.gz", hash = "sha256:2022801a199fd32e5e2959290d88ed1926ded865e052b2e0b24daa544fad1406", size = 604474, upload-time = "2026-08-28T15:09:44.892Z" }
wheels = [
    { url = "https://files.pythonhosted.org/packages/92/f0/336279cacbb1d1aa612047030550990e6e0f7332913dcf24b205a3dc59d9/vsjetpack-2.2.4-py3-none-any.whl", hash = "sha256:2526f0645ff7185d31600e8f273baab2fb8dd42d8892dd0e6bcbfd9f0480dc5f", size = 437323, upload-time = "2026-08-28T15:09:42.393Z" },
]

[package.optional-dependencies]
source = [
    { name = "vapoursynth-bestsource" },
    { name = "vapoursynth-d2vsource" },
    { name = "vapoursynth-dvdsrc2" },
    { name = "vapoursynth-ffms2" },
    { name = "vapoursynth-lsmas" },
]
